
Microsoft Visual Studio Solution File, Format Version 12.00
# Visual Studio Version 17
VisualStudioVersion = 17.5.002.0
MinimumVisualStudioVersion = 10.0.40219.1
Project("{9A19103F-16F7-4668-BE54-9A1E7A4F7556}") = "webapi", "webapi\webapi.csproj", "{2499D216-BF55-4702-8DEE-F9ABA304CC69}"
EndProject
Global
	GlobalSection(SolutionConfigurationPlatforms) = preSolution
		Debug|Any CPU = Debug|Any CPU
		Release|Any CPU = Release|Any CPU
	EndGlobalSection
	GlobalSection(ProjectConfigurationPlatforms) = postSolution
		{2499D216-BF55-4702-8DEE-F9ABA304CC69}.Debug|Any CPU.ActiveCfg = Debug|Any CPU
		{2499D216-BF55-4702-8DEE-F9ABA304CC69}.Debug|Any CPU.Build.0 = Debug|Any CPU
		{2499D216-BF55-4702-8DEE-F9ABA304CC69}.Release|Any CPU.ActiveCfg = Release|Any CPU
		{2499D216-BF55-4702-8DEE-F9ABA304CC69}.Release|Any CPU.Build.0 = Release|Any CPU
	EndGlobalSection
	GlobalSection(SolutionProperties) = preSolution
		HideSolutionNode = FALSE
	EndGlobalSection
	GlobalSection(ExtensibilityGlobals) = postSolution
		SolutionGuid = {F1EFD84F-007F-46D7-94F6-9C223A3A2AAF}
	EndGlobalSection
EndGlobal
